Microsoft Visual Studio Solution File, Format Version 7.00
Project("{F184B08F-C81C-45F6-A57F-5ABD9991F28F}") = "ODBCDataProviderTest", "ODBCDataProviderTest.vbproj", "{F4449F43-9FE8-4E44-AA2C-DA960A446B8A}"
EndProject
Global
	GlobalSection(SolutionConfiguration) = preSolution
		ConfigName.0 = Debug
		ConfigName.1 = Release
	EndGlobalSection
	GlobalSection(ProjectDependencies) = postSolution
	EndGlobalSection
	GlobalSection(ProjectConfiguration) = postSolution
		{F4449F43-9FE8-4E44-AA2C-DA960A446B8A}.Debug.ActiveCfg = Debug|.NET
		{F4449F43-9FE8-4E44-AA2C-DA960A446B8A}.Debug.Build.0 = Debug|.NET
		{F4449F43-9FE8-4E44-AA2C-DA960A446B8A}.Release.ActiveCfg = Release|.NET
		{F4449F43-9FE8-4E44-AA2C-DA960A446B8A}.Release.Build.0 = Release|.NET
	EndGlobalSection
	GlobalSection(ExtensibilityGlobals) = postSolution
	EndGlobalSection
	GlobalSection(ExtensibilityAddIns) = postSolution
	EndGlobalSection
EndGlobal
