Microsoft Visual Studio Solution File, Format Version 7.00
Project("{F184B08F-C81C-45F6-A57F-5ABD9991F28F}") = "CustomExceptionSamp", "CustomExceptionSamp.vbproj", "{D7DBB59A-FBBA-45B1-89C3-F9FA417DD784}"
EndProject
Global
	GlobalSection(SolutionConfiguration) = preSolution
		ConfigName.0 = Debug
		ConfigName.1 = Release
	EndGlobalSection
	GlobalSection(ProjectDependencies) = postSolution
	EndGlobalSection
	GlobalSection(ProjectConfiguration) = postSolution
		{D7DBB59A-FBBA-45B1-89C3-F9FA417DD784}.Debug.ActiveCfg = Debug|.NET
		{D7DBB59A-FBBA-45B1-89C3-F9FA417DD784}.Debug.Build.0 = Debug|.NET
		{D7DBB59A-FBBA-45B1-89C3-F9FA417DD784}.Release.ActiveCfg = Release|.NET
		{D7DBB59A-FBBA-45B1-89C3-F9FA417DD784}.Release.Build.0 = Release|.NET
	EndGlobalSection
	GlobalSection(ExtensibilityGlobals) = postSolution
	EndGlobalSection
	GlobalSection(ExtensibilityAddIns) = postSolution
	EndGlobalSection
EndGlobal
