Microsoft Visual Studio Solution File, Format Version 7.00
Project("{F184B08F-C81C-45F6-A57F-5ABD9991F28F}") = "GetPrivateQueuesSamp", "GetPrivateQueuesSamp.vbproj", "{CF52BF2C-DF4F-4A3B-AFAE-A093331DDBBF}"
EndProject
Global
	GlobalSection(SolutionConfiguration) = preSolution
		ConfigName.0 = Debug
		ConfigName.1 = Release
	EndGlobalSection
	GlobalSection(ProjectDependencies) = postSolution
	EndGlobalSection
	GlobalSection(ProjectConfiguration) = postSolution
		{CF52BF2C-DF4F-4A3B-AFAE-A093331DDBBF}.Debug.ActiveCfg = Debug|.NET
		{CF52BF2C-DF4F-4A3B-AFAE-A093331DDBBF}.Debug.Build.0 = Debug|.NET
		{CF52BF2C-DF4F-4A3B-AFAE-A093331DDBBF}.Release.ActiveCfg = Release|.NET
		{CF52BF2C-DF4F-4A3B-AFAE-A093331DDBBF}.Release.Build.0 = Release|.NET
	EndGlobalSection
	GlobalSection(ExtensibilityGlobals) = postSolution
	EndGlobalSection
	GlobalSection(ExtensibilityAddIns) = postSolution
	EndGlobalSection
EndGlobal
