Microsoft Visual Studio Solution File, Format Version 7.00
Project("{F184B08F-C81C-45F6-A57F-5ABD9991F28F}") = "SqlXmlDataAdapterSamp", "SqlXmlDataAdapterSamp.vbproj", "{D4EBE798-2DC7-45AF-9947-312C956B2D43}"
EndProject
Global
	GlobalSection(SolutionConfiguration) = preSolution
		ConfigName.0 = Debug
		ConfigName.1 = Release
	EndGlobalSection
	GlobalSection(ProjectDependencies) = postSolution
	EndGlobalSection
	GlobalSection(ProjectConfiguration) = postSolution
		{D4EBE798-2DC7-45AF-9947-312C956B2D43}.Debug.ActiveCfg = Debug|.NET
		{D4EBE798-2DC7-45AF-9947-312C956B2D43}.Debug.Build.0 = Debug|.NET
		{D4EBE798-2DC7-45AF-9947-312C956B2D43}.Release.ActiveCfg = Release|.NET
		{D4EBE798-2DC7-45AF-9947-312C956B2D43}.Release.Build.0 = Release|.NET
	EndGlobalSection
	GlobalSection(ExtensibilityGlobals) = postSolution
	EndGlobalSection
	GlobalSection(ExtensibilityAddIns) = postSolution
	EndGlobalSection
EndGlobal
