Microsoft Visual Studio Solution File, Format Version 7.00
Project("{F184B08F-C81C-45F6-A57F-5ABD9991F28F}") = "Oracle8iOdvcSamp", "Oracle8iOdvcSamp.vbproj", "{397F3FF7-4FA1-4542-8BDD-54D3EAEEE188}"
EndProject
Global
	GlobalSection(SolutionConfiguration) = preSolution
		ConfigName.0 = Debug
		ConfigName.1 = Release
	EndGlobalSection
	GlobalSection(ProjectDependencies) = postSolution
	EndGlobalSection
	GlobalSection(ProjectConfiguration) = postSolution
		{397F3FF7-4FA1-4542-8BDD-54D3EAEEE188}.Debug.ActiveCfg = Debug|.NET
		{397F3FF7-4FA1-4542-8BDD-54D3EAEEE188}.Debug.Build.0 = Debug|.NET
		{397F3FF7-4FA1-4542-8BDD-54D3EAEEE188}.Release.ActiveCfg = Release|.NET
		{397F3FF7-4FA1-4542-8BDD-54D3EAEEE188}.Release.Build.0 = Release|.NET
	EndGlobalSection
	GlobalSection(ExtensibilityGlobals) = postSolution
	EndGlobalSection
	GlobalSection(ExtensibilityAddIns) = postSolution
	EndGlobalSection
EndGlobal
