Microsoft Visual Studio Solution File, Format Version 8.00
Project("{F184B08F-C81C-45F6-A57F-5ABD9991F28F}") = "DataSetEventSamp", "DataSetEventSamp.vbproj", "{4F5BA826-67A9-4120-BAA1-EA08E483F8DF}"
	ProjectSection(ProjectDependencies) = postProject
	EndProjectSection
EndProject
Global
	GlobalSection(SolutionConfiguration) = preSolution
		Debug = Debug
		Release = Release
	EndGlobalSection
	GlobalSection(ProjectConfiguration) = postSolution
		{4F5BA826-67A9-4120-BAA1-EA08E483F8DF}.Debug.ActiveCfg = Debug|.NET
		{4F5BA826-67A9-4120-BAA1-EA08E483F8DF}.Debug.Build.0 = Debug|.NET
		{4F5BA826-67A9-4120-BAA1-EA08E483F8DF}.Release.ActiveCfg = Release|.NET
		{4F5BA826-67A9-4120-BAA1-EA08E483F8DF}.Release.Build.0 = Release|.NET
	EndGlobalSection
	GlobalSection(ExtensibilityGlobals) = postSolution
	EndGlobalSection
	GlobalSection(ExtensibilityAddIns) = postSolution
	EndGlobalSection
EndGlobal
