Microsoft Visual Studio Solution File, Format Version 7.00
Project("{F184B08F-C81C-45F6-A57F-5ABD9991F28F}") = "DBSchemaSamp", "DBSchemaSamp.vbproj", "{37EAB4AE-4481-4AA9-B982-A45C976E570D}"
EndProject
Global
	GlobalSection(SolutionConfiguration) = preSolution
		ConfigName.0 = Debug
		ConfigName.1 = Release
	EndGlobalSection
	GlobalSection(ProjectDependencies) = postSolution
	EndGlobalSection
	GlobalSection(ProjectConfiguration) = postSolution
		{37EAB4AE-4481-4AA9-B982-A45C976E570D}.Debug.ActiveCfg = Debug|.NET
		{37EAB4AE-4481-4AA9-B982-A45C976E570D}.Debug.Build.0 = Debug|.NET
		{37EAB4AE-4481-4AA9-B982-A45C976E570D}.Release.ActiveCfg = Release|.NET
		{37EAB4AE-4481-4AA9-B982-A45C976E570D}.Release.Build.0 = Release|.NET
	EndGlobalSection
	GlobalSection(ExtensibilityGlobals) = postSolution
	EndGlobalSection
	GlobalSection(ExtensibilityAddIns) = postSolution
	EndGlobalSection
EndGlobal
