Microsoft Visual Studio Solution File, Format Version 7.00
Project("{F184B08F-C81C-45F6-A57F-5ABD9991F28F}") = "TextBoxDataBinding", "TextBoxDataBinding.vbproj", "{E5D862DF-F514-44E6-B90D-4070975D40BB}"
EndProject
Global
	GlobalSection(SolutionConfiguration) = preSolution
		ConfigName.0 = Debug
		ConfigName.1 = Release
	EndGlobalSection
	GlobalSection(ProjectDependencies) = postSolution
	EndGlobalSection
	GlobalSection(ProjectConfiguration) = postSolution
		{E5D862DF-F514-44E6-B90D-4070975D40BB}.Debug.ActiveCfg = Debug|.NET
		{E5D862DF-F514-44E6-B90D-4070975D40BB}.Debug.Build.0 = Debug|.NET
		{E5D862DF-F514-44E6-B90D-4070975D40BB}.Release.ActiveCfg = Release|.NET
		{E5D862DF-F514-44E6-B90D-4070975D40BB}.Release.Build.0 = Release|.NET
	EndGlobalSection
	GlobalSection(ExtensibilityGlobals) = postSolution
	EndGlobalSection
	GlobalSection(ExtensibilityAddIns) = postSolution
	EndGlobalSection
EndGlobal
