Microsoft Visual Studio Solution File, Format Version 8.00
Project("{F184B08F-C81C-45F6-A57F-5ABD9991F28F}") = "DataAdapterEventsSamp", "DataAdapterEventsSamp.vbproj", "{AB9AA97F-4003-4510-90EE-C705B3B06CD2}"
	ProjectSection(ProjectDependencies) = postProject
	EndProjectSection
EndProject
Global
	GlobalSection(SolutionConfiguration) = preSolution
		Debug = Debug
		Release = Release
	EndGlobalSection
	GlobalSection(ProjectConfiguration) = postSolution
		{AB9AA97F-4003-4510-90EE-C705B3B06CD2}.Debug.ActiveCfg = Debug|.NET
		{AB9AA97F-4003-4510-90EE-C705B3B06CD2}.Debug.Build.0 = Debug|.NET
		{AB9AA97F-4003-4510-90EE-C705B3B06CD2}.Release.ActiveCfg = Release|.NET
		{AB9AA97F-4003-4510-90EE-C705B3B06CD2}.Release.Build.0 = Release|.NET
	EndGlobalSection
	GlobalSection(ExtensibilityGlobals) = postSolution
	EndGlobalSection
	GlobalSection(ExtensibilityAddIns) = postSolution
	EndGlobalSection
EndGlobal
